{
  "name": "rxjs-tutorial",
  "version": "1.0.0",
  "lockfileVersion": 1,
  "requires": true,
  "dependencies": {
    "rxjs": {
      "version": "6.3.0",
      "resolved": "https://registry.npmjs.org/rxjs/-/rxjs-6.3.0.tgz",
      "integrity": "sha512-ZnwuEquf72mnVORgX75eZCAKNNwulmKQuFxDPwDA5EvbkBXeRNJtmvhyVLcPcKkdiUtqqv+LbBM8jYo0eBW++w==",
      "requires": {
        "tslib": "1.9.3"
      }
    },
    "rxjs-compat": {
      "version": "6.3.0",
      "resolved": "https://registry.npmjs.org/rxjs-compat/-/rxjs-compat-6.3.0.tgz",
      "integrity": "sha512-TQf84u2aDv9u/iMHNWmbUKdo/D2dYDmZqdYVNTSsvX57XyOwjMkhWRdTqIJd5QMWlg1K/Ejj8atiQkmr5VO+Xg=="
    },
    "tslib": {
      "version": "1.9.3",
      "resolved": "https://registry.npmjs.org/tslib/-/tslib-1.9.3.tgz",
      "integrity": "sha512-4krF8scpejhaOgqzBEcGM7yDIEfi0/8+8zDRZhNZZ2kjmHJ4hv3zCbQWxoJGz1iw5U0Jl0nma13xzHXcncMavQ=="
    }
  }
}
